
Microsoft Visual Studio Solution File, Format Version 12.00
# Visual Studio 15
VisualStudioVersion = 15.0.27703.2018
MinimumVisualStudioVersion = 10.0.40219.1
Project("{FAE04EC0-301F-11D3-BF4B-00C04F79EFBC}") = "App1.Android", "App1\App1.Android\App1.Android.csproj", "{BA088B30-23E0-4123-8D79-23868CA56160}"
EndProject
Project("{FAE04EC0-301F-11D3-BF4B-00C04F79EFBC}") = "App1.iOS", "App1\App1.iOS\App1.iOS.csproj", "{CFC3FC58-9673-4D19-BBD5-4F8AD9BC1E24}"
EndProject
Project("{D954291E-2A0B-460D-934E-DC6B0785DB48}") = "App1", "App1\App1\App1.shproj", "{7422DC8E-23DD-4C05-8FC0-FD4426617FBA}"
EndProject
Global
	GlobalSection(SharedMSBuildProjectFiles) = preSolution
		App1\App1\App1.projitems*{7422dc8e-23dd-4c05-8fc0-fd4426617fba}*SharedItemsImports = 13
		App1\App1\App1.projitems*{ba088b30-23e0-4123-8d79-23868ca56160}*SharedItemsImports = 4
		App1\App1\App1.projitems*{cfc3fc58-9673-4d19-bbd5-4f8ad9bc1e24}*SharedItemsImports = 4
	EndGlobalSection
	GlobalSection(SolutionConfigurationPlatforms) = preSolution
		Ad-Hoc|Any CPU = Ad-Hoc|Any CPU
		Ad-Hoc|iPhone = Ad-Hoc|iPhone
		Ad-Hoc|iPhoneSimulator = Ad-Hoc|iPhoneSimulator
		AppStore|Any CPU = AppStore|Any CPU
		AppStore|iPhone = AppStore|iPhone
		AppStore|iPhoneSimulator = AppStore|iPhoneSimulator
		Debug|Any CPU = Debug|Any CPU
		Debug|iPhone = Debug|iPhone
		Debug|iPhoneSimulator = Debug|iPhoneSimulator
		Release|Any CPU = Release|Any CPU
		Release|iPhone = Release|iPhone
		Release|iPhoneSimulator = Release|iPhoneSimulator
	EndGlobalSection
	GlobalSection(ProjectConfigurationPlatforms) = postSolution
		{BA088B30-23E0-4123-8D79-23868CA56160}.Ad-Hoc|Any CPU.ActiveCfg = Release|Any CPU
		{BA088B30-23E0-4123-8D79-23868CA56160}.Ad-Hoc|Any CPU.Build.0 = Release|Any CPU
		{BA088B30-23E0-4123-8D79-23868CA56160}.Ad-Hoc|Any CPU.Deploy.0 = Release|Any CPU
		{BA088B30-23E0-4123-8D79-23868CA56160}.Ad-Hoc|iPhone.ActiveCfg = Release|Any CPU
		{BA088B30-23E0-4123-8D79-23868CA56160}.Ad-Hoc|iPhone.Build.0 = Release|Any CPU
		{BA088B30-23E0-4123-8D79-23868CA56160}.Ad-Hoc|iPhone.Deploy.0 = Release|Any CPU
		{BA088B30-23E0-4123-8D79-23868CA56160}.Ad-Hoc|iPhoneSimulator.ActiveCfg = Release|Any CPU
		{BA088B30-23E0-4123-8D79-23868CA56160}.Ad-Hoc|iPhoneSimulator.Build.0 = Release|Any CPU
		{BA088B30-23E0-4123-8D79-23868CA56160}.Ad-Hoc|iPhoneSimulator.Deploy.0 = Release|Any CPU
		{BA088B30-23E0-4123-8D79-23868CA56160}.AppStore|Any CPU.ActiveCfg = Release|Any CPU
		{BA088B30-23E0-4123-8D79-23868CA56160}.AppStore|Any CPU.Build.0 = Release|Any CPU
		{BA088B30-23E0-4123-8D79-23868CA56160}.AppStore|Any CPU.Deploy.0 = Release|Any CPU
		{BA088B30-23E0-4123-8D79-23868CA56160}.AppStore|iPhone.ActiveCfg = Release|Any CPU
		{BA088B30-23E0-4123-8D79-23868CA56160}.AppStore|iPhone.Build.0 = Release|Any CPU
		{BA088B30-23E0-4123-8D79-23868CA56160}.AppStore|iPhone.Deploy.0 = Release|Any CPU
		{BA088B30-23E0-4123-8D79-23868CA56160}.AppStore|iPhoneSimulator.ActiveCfg = Release|Any CPU
		{BA088B30-23E0-4123-8D79-23868CA56160}.AppStore|iPhoneSimulator.Build.0 = Release|Any CPU
		{BA088B30-23E0-4123-8D79-23868CA56160}.AppStore|iPhoneSimulator.Deploy.0 = Release|Any CPU
		{BA088B30-23E0-4123-8D79-23868CA56160}.Debug|Any CPU.ActiveCfg = Debug|Any CPU
		{BA088B30-23E0-4123-8D79-23868CA56160}.Debug|Any CPU.Build.0 = Debug|Any CPU
		{BA088B30-23E0-4123-8D79-23868CA56160}.Debug|Any CPU.Deploy.0 = Debug|Any CPU
		{BA088B30-23E0-4123-8D79-23868CA56160}.Debug|iPhone.ActiveCfg = Debug|Any CPU
		{BA088B30-23E0-4123-8D79-23868CA56160}.Debug|iPhone.Build.0 = Debug|Any CPU
		{BA088B30-23E0-4123-8D79-23868CA56160}.Debug|iPhone.Deploy.0 = Debug|Any CPU
		{BA088B30-23E0-4123-8D79-23868CA56160}.Debug|iPhoneSimulator.ActiveCfg = Debug|Any CPU
		{BA088B30-23E0-4123-8D79-23868CA56160}.Debug|iPhoneSimulator.Build.0 = Debug|Any CPU
		{BA088B30-23E0-4123-8D79-23868CA56160}.Debug|iPhoneSimulator.Deploy.0 = Debug|Any CPU
		{BA088B30-23E0-4123-8D79-23868CA56160}.Release|Any CPU.ActiveCfg = Release|Any CPU
		{BA088B30-23E0-4123-8D79-23868CA56160}.Release|Any CPU.Build.0 = Release|Any CPU
		{BA088B30-23E0-4123-8D79-23868CA56160}.Release|Any CPU.Deploy.0 = Release|Any CPU
		{BA088B30-23E0-4123-8D79-23868CA56160}.Release|iPhone.ActiveCfg = Release|Any CPU
		{BA088B30-23E0-4123-8D79-23868CA56160}.Release|iPhone.Build.0 = Release|Any CPU
		{BA088B30-23E0-4123-8D79-23868CA56160}.Release|iPhone.Deploy.0 = Release|Any CPU
		{BA088B30-23E0-4123-8D79-23868CA56160}.Release|iPhoneSimulator.ActiveCfg = Release|Any CPU
		{BA088B30-23E0-4123-8D79-23868CA56160}.Release|iPhoneSimulator.Build.0 = Release|Any CPU
		{BA088B30-23E0-4123-8D79-23868CA56160}.Release|iPhoneSimulator.Deploy.0 = Release|Any CPU
		{CFC3FC58-9673-4D19-BBD5-4F8AD9BC1E24}.Ad-Hoc|Any CPU.ActiveCfg = Ad-Hoc|iPhone
		{CFC3FC58-9673-4D19-BBD5-4F8AD9BC1E24}.Ad-Hoc|Any CPU.Build.0 = Ad-Hoc|iPhone
		{CFC3FC58-9673-4D19-BBD5-4F8AD9BC1E24}.Ad-Hoc|Any CPU.Deploy.0 = Ad-Hoc|iPhone
		{CFC3FC58-9673-4D19-BBD5-4F8AD9BC1E24}.Ad-Hoc|iPhone.ActiveCfg = Ad-Hoc|iPhone
		{CFC3FC58-9673-4D19-BBD5-4F8AD9BC1E24}.Ad-Hoc|iPhone.Build.0 = Ad-Hoc|iPhone
		{CFC3FC58-9673-4D19-BBD5-4F8AD9BC1E24}.Ad-Hoc|iPhone.Deploy.0 = Ad-Hoc|iPhone
		{CFC3FC58-9673-4D19-BBD5-4F8AD9BC1E24}.Ad-Hoc|iPhoneSimulator.ActiveCfg = Ad-Hoc|iPhoneSimulator
		{CFC3FC58-9673-4D19-BBD5-4F8AD9BC1E24}.Ad-Hoc|iPhoneSimulator.Build.0 = Ad-Hoc|iPhoneSimulator
		{CFC3FC58-9673-4D19-BBD5-4F8AD9BC1E24}.Ad-Hoc|iPhoneSimulator.Deploy.0 = Ad-Hoc|iPhoneSimulator
		{CFC3FC58-9673-4D19-BBD5-4F8AD9BC1E24}.AppStore|Any CPU.ActiveCfg = AppStore|iPhone
		{CFC3FC58-9673-4D19-BBD5-4F8AD9BC1E24}.AppStore|Any CPU.Build.0 = AppStore|iPhone
		{CFC3FC58-9673-4D19-BBD5-4F8AD9BC1E24}.AppStore|Any CPU.Deploy.0 = AppStore|iPhone
		{CFC3FC58-9673-4D19-BBD5-4F8AD9BC1E24}.AppStore|iPhone.ActiveCfg = AppStore|iPhone
		{CFC3FC58-9673-4D19-BBD5-4F8AD9BC1E24}.AppStore|iPhone.Build.0 = AppStore|iPhone
		{CFC3FC58-9673-4D19-BBD5-4F8AD9BC1E24}.AppStore|iPhone.Deploy.0 = AppStore|iPhone
		{CFC3FC58-9673-4D19-BBD5-4F8AD9BC1E24}.AppStore|iPhoneSimulator.ActiveCfg = AppStore|iPhoneSimulator
		{CFC3FC58-9673-4D19-BBD5-4F8AD9BC1E24}.AppStore|iPhoneSimulator.Build.0 = AppStore|iPhoneSimulator
		{CFC3FC58-9673-4D19-BBD5-4F8AD9BC1E24}.AppStore|iPhoneSimulator.Deploy.0 = AppStore|iPhoneSimulator
		{CFC3FC58-9673-4D19-BBD5-4F8AD9BC1E24}.Debug|Any CPU.ActiveCfg = Debug|iPhoneSimulator
		{CFC3FC58-9673-4D19-BBD5-4F8AD9BC1E24}.Debug|Any CPU.Build.0 = Debug|iPhoneSimulator
		{CFC3FC58-9673-4D19-BBD5-4F8AD9BC1E24}.Debug|Any CPU.Deploy.0 = Debug|iPhoneSimulator
		{CFC3FC58-9673-4D19-BBD5-4F8AD9BC1E24}.Debug|iPhone.ActiveCfg = Debug|iPhone
		{CFC3FC58-9673-4D19-BBD5-4F8AD9BC1E24}.Debug|iPhone.Build.0 = Debug|iPhone
		{CFC3FC58-9673-4D19-BBD5-4F8AD9BC1E24}.Debug|iPhone.Deploy.0 = Debug|iPhone
		{CFC3FC58-9673-4D19-BBD5-4F8AD9BC1E24}.Debug|iPhoneSimulator.ActiveCfg = Debug|iPhoneSimulator
		{CFC3FC58-9673-4D19-BBD5-4F8AD9BC1E24}.Debug|iPhoneSimulator.Build.0 = Debug|iPhoneSimulator
		{CFC3FC58-9673-4D19-BBD5-4F8AD9BC1E24}.Debug|iPhoneSimulator.Deploy.0 = Debug|iPhoneSimulator
		{CFC3FC58-9673-4D19-BBD5-4F8AD9BC1E24}.Release|Any CPU.ActiveCfg = Release|iPhone
		{CFC3FC58-9673-4D19-BBD5-4F8AD9BC1E24}.Release|Any CPU.Build.0 = Release|iPhone
		{CFC3FC58-9673-4D19-BBD5-4F8AD9BC1E24}.Release|Any CPU.Deploy.0 = Release|iPhone
		{CFC3FC58-9673-4D19-BBD5-4F8AD9BC1E24}.Release|iPhone.ActiveCfg = Release|iPhone
		{CFC3FC58-9673-4D19-BBD5-4F8AD9BC1E24}.Release|iPhone.Build.0 = Release|iPhone
		{CFC3FC58-9673-4D19-BBD5-4F8AD9BC1E24}.Release|iPhone.Deploy.0 = Release|iPhone
		{CFC3FC58-9673-4D19-BBD5-4F8AD9BC1E24}.Release|iPhoneSimulator.ActiveCfg = Release|iPhoneSimulator
		{CFC3FC58-9673-4D19-BBD5-4F8AD9BC1E24}.Release|iPhoneSimulator.Build.0 = Release|iPhoneSimulator
		{CFC3FC58-9673-4D19-BBD5-4F8AD9BC1E24}.Release|iPhoneSimulator.Deploy.0 = Release|iPhoneSimulator
	EndGlobalSection
	GlobalSection(SolutionProperties) = preSolution
		HideSolutionNode = FALSE
	EndGlobalSection
	GlobalSection(ExtensibilityGlobals) = postSolution
		SolutionGuid = {1C12E787-F2E2-4F5D-946D-7FB48693C617}
	EndGlobalSection
EndGlobal
